
Microsoft Visual Studio Solution File, Format Version 12.00
# Visual Studio 15
VisualStudioVersion = 15.0.26430.13
MinimumVisualStudioVersion = 10.0.40219.1
Project("{FAE04EC0-301F-11D3-BF4B-00C04F79EFBC}") = "Tesseract Box Generate and Training Data Tools", "Tesseract Box Generate and Training Data Tools\Tesseract Box Generate and Training Data Tools.csproj", "{F4D1064F-1B91-4B15-AF06-FB1EF3C9B147}"
EndProject
Global
	GlobalSection(SolutionConfigurationPlatforms) = preSolution
		Debug|Any CPU = Debug|Any CPU
		Release|Any CPU = Release|Any CPU
	EndGlobalSection
	GlobalSection(ProjectConfigurationPlatforms) = postSolution
		{F4D1064F-1B91-4B15-AF06-FB1EF3C9B147}.Debug|Any CPU.ActiveCfg = Debug|Any CPU
		{F4D1064F-1B91-4B15-AF06-FB1EF3C9B147}.Debug|Any CPU.Build.0 = Debug|Any CPU
		{F4D1064F-1B91-4B15-AF06-FB1EF3C9B147}.Release|Any CPU.ActiveCfg = Release|Any CPU
		{F4D1064F-1B91-4B15-AF06-FB1EF3C9B147}.Release|Any CPU.Build.0 = Release|Any CPU
	EndGlobalSection
	GlobalSection(SolutionProperties) = preSolution
		HideSolutionNode = FALSE
	EndGlobalSection
	GlobalSection(ExtensibilityGlobals) = postSolution
		SolutionGuid = {6B3C59BE-5830-4374-BFA1-469A1BA9CDE6}
	EndGlobalSection
EndGlobal
